// !$*UTF8*$!
{
	archiveVersion = 1;
	classes = {
	};
	objectVersion = 55;
	objects = {

/* Begin PBXBuildFile section */
		9764864E27FED7C8009C6AA7 /* AppDelegate.swift in Sources */ = {isa = PBXBuildFile; fileRef = 9764864D27FED7C8009C6AA7 /* AppDelegate.swift */; };
		9764865027FED7C8009C6AA7 /* SceneDelegate.swift in Sources */ = {isa = PBXBuildFile; fileRef = 9764864F27FED7C8009C6AA7 /* SceneDelegate.swift */; };
		9764865227FED7C8009C6AA7 /* MainView.swift in Sources */ = {isa = PBXBuildFile; fileRef = 9764865127FED7C8009C6AA7 /* MainView.swift */; };
		9764865727FED7CA009C6AA7 /* Assets.xcassets in Resources */ = {isa = PBXBuildFile; fileRef = 9764865627FED7CA009C6AA7 /* Assets.xcassets */; };
		9764865A27FED7CA009C6AA7 /* LaunchScreen.storyboard in Resources */ = {isa = PBXBuildFile; fileRef = 9764865827FED7CA009C6AA7 /* LaunchScreen.storyboard */; };
		9774FA5027FEDF2200E58EDA /* AppCoordinator.swift in Sources */ = {isa = PBXBuildFile; fileRef = 9774FA4F27FEDF2200E58EDA /* AppCoordinator.swift */; };
		9774FA9A27FEF0E900E58EDA /* AuthenticationModule.framework in Frameworks */ = {isa = PBXBuildFile; fileRef = 9774FA9827FEF0E900E58EDA /* AuthenticationModule.framework */; };
		9774FA9B27FEF0E900E58EDA /* AuthenticationModule.framework in Embed Frameworks */ = {isa = PBXBuildFile; fileRef = 9774FA9827FEF0E900E58EDA /* AuthenticationModule.framework */; settings = {ATTRIBUTES = (CodeSignOnCopy, RemoveHeadersOnCopy, ); }; };
		9774FA9C27FEF0E900E58EDA /* Core.framework in Frameworks */ = {isa = PBXBuildFile; fileRef = 9774FA9927FEF0E900E58EDA /* Core.framework */; };
		9774FA9D27FEF0E900E58EDA /* Core.framework in Embed Frameworks */ = {isa = PBXBuildFile; fileRef = 9774FA9927FEF0E900E58EDA /* Core.framework */; settings = {ATTRIBUTES = (CodeSignOnCopy, RemoveHeadersOnCopy, ); }; };
		9774FAD427FEF39300E58EDA /* MainCoordinator.swift in Sources */ = {isa = PBXBuildFile; fileRef = 9774FAD327FEF39300E58EDA /* MainCoordinator.swift */; };
		9774FAD627FEF3DD00E58EDA /* PaywallModule.framework in Frameworks */ = {isa = PBXBuildFile; fileRef = 9774FAD527FEF3DD00E58EDA /* PaywallModule.framework */; };
		9774FAD727FEF3DD00E58EDA /* PaywallModule.framework in Embed Frameworks */ = {isa = PBXBuildFile; fileRef = 9774FAD527FEF3DD00E58EDA /* PaywallModule.framework */; settings = {ATTRIBUTES = (CodeSignOnCopy, RemoveHeadersOnCopy, ); }; };
		9774FB0427FF10D800E58EDA /* AccountPageModule.framework in Frameworks */ = {isa = PBXBuildFile; fileRef = 9774FB0327FF10D800E58EDA /* AccountPageModule.framework */; };
		9774FB0527FF10D800E58EDA /* AccountPageModule.framework in Embed Frameworks */ = {isa = PBXBuildFile; fileRef = 9774FB0327FF10D800E58EDA /* AccountPageModule.framework */; settings = {ATTRIBUTES = (CodeSignOnCopy, RemoveHeadersOnCopy, ); }; };
/* End PBXBuildFile section */

/* Begin PBXCopyFilesBuildPhase section */
		9774FA9E27FEF0E900E58EDA /* Embed Frameworks */ = {
			isa = PBXCopyFilesBuildPhase;
			buildActionMask = 2147483647;
			dstPath = "";
			dstSubfolderSpec = 10;
			files = (
				9774FA9B27FEF0E900E58EDA /* AuthenticationModule.framework in Embed Frameworks */,
				9774FAD727FEF3DD00E58EDA /* PaywallModule.framework in Embed Frameworks */,
				9774FA9D27FEF0E900E58EDA /* Core.framework in Embed Frameworks */,
				9774FB0527FF10D800E58EDA /* AccountPageModule.framework in Embed Frameworks */,
			);
			name = "Embed Frameworks";
			runOnlyForDeploymentPostprocessing = 0;
		};
/* End PBXCopyFilesBuildPhase section */

/* Begin PBXFileReference section */
		9764864A27FED7C8009C6AA7 /* SwiftUINav.app */ = {isa = PBXFileReference; explicitFileType = wrapper.application; includeInIndex = 0; path = SwiftUINav.app; sourceTree = BUILT_PRODUCTS_DIR; };
		9764864D27FED7C8009C6AA7 /* AppDelegate.swift */ = {isa = PBXFileReference; lastKnownFileType = sourcecode.swift; path = AppDelegate.swift; sourceTree = "<group>"; };
		9764864F27FED7C8009C6AA7 /* SceneDelegate.swift */ = {isa = PBXFileReference; lastKnownFileType = sourcecode.swift; path = SceneDelegate.swift; sourceTree = "<group>"; };
		9764865127FED7C8009C6AA7 /* MainView.swift */ = {isa = PBXFileReference; lastKnownFileType = sourcecode.swift; path = MainView.swift; sourceTree = "<group>"; };
		9764865627FED7CA009C6AA7 /* Assets.xcassets */ = {isa = PBXFileReference; lastKnownFileType = folder.assetcatalog; path = Assets.xcassets; sourceTree = "<group>"; };
		9764865927FED7CA009C6AA7 /* Base */ = {isa = PBXFileReference; lastKnownFileType = file.storyboard; name = Base; path = Base.lproj/LaunchScreen.storyboard; sourceTree = "<group>"; };
		9764865B27FED7CA009C6AA7 /* Info.plist */ = {isa = PBXFileReference; lastKnownFileType = text.plist.xml; path = Info.plist; sourceTree = "<group>"; };
		9774FA4F27FEDF2200E58EDA /* AppCoordinator.swift */ = {isa = PBXFileReference; lastKnownFileType = sourcecode.swift; path = AppCoordinator.swift; sourceTree = "<group>"; };
		9774FA9827FEF0E900E58EDA /* AuthenticationModule.framework */ = {isa = PBXFileReference; explicitFileType = wrapper.framework; path = AuthenticationModule.framework; sourceTree = BUILT_PRODUCTS_DIR; };
		9774FA9927FEF0E900E58EDA /* Core.framework */ = {isa = PBXFileReference; explicitFileType = wrapper.framework; path = Core.framework; sourceTree = BUILT_PRODUCTS_DIR; };
		9774FAD327FEF39300E58EDA /* MainCoordinator.swift */ = {isa = PBXFileReference; fileEncoding = 4; lastKnownFileType = sourcecode.swift; path = MainCoordinator.swift; sourceTree = "<group>"; };
		9774FAD527FEF3DD00E58EDA /* PaywallModule.framework */ = {isa = PBXFileReference; explicitFileType = wrapper.framework; path = PaywallModule.framework; sourceTree = BUILT_PRODUCTS_DIR; };
		9774FB0327FF10D800E58EDA /* AccountPageModule.framework */ = {isa = PBXFileReference; explicitFileType = wrapper.framework; path = AccountPageModule.framework; sourceTree = BUILT_PRODUCTS_DIR; };
/* End PBXFileReference section */

/* Begin PBXFrameworksBuildPhase section */
		9764864727FED7C8009C6AA7 /* Frameworks */ = {
			isa = PBXFrameworksBuildPhase;
			buildActionMask = 2147483647;
			files = (
				9774FA9A27FEF0E900E58EDA /* AuthenticationModule.framework in Frameworks */,
				9774FAD627FEF3DD00E58EDA /* PaywallModule.framework in Frameworks */,
				9774FA9C27FEF0E900E58EDA /* Core.framework in Frameworks */,
				9774FB0427FF10D800E58EDA /* AccountPageModule.framework in Frameworks */,
			);
			runOnlyForDeploymentPostprocessing = 0;
		};
/* End PBXFrameworksBuildPhase section */

/* Begin PBXGroup section */
		9764864127FED7C8009C6AA7 = {
			isa = PBXGroup;
			children = (
				9764864C27FED7C8009C6AA7 /* SwiftUINav */,
				9764864B27FED7C8009C6AA7 /* Products */,
				9774FA9727FEF0E900E58EDA /* Frameworks */,
			);
			sourceTree = "<group>";
		};
		9764864B27FED7C8009C6AA7 /* Products */ = {
			isa = PBXGroup;
			children = (
				9764864A27FED7C8009C6AA7 /* SwiftUINav.app */,
			);
			name = Products;
			sourceTree = "<group>";
		};
		9764864C27FED7C8009C6AA7 /* SwiftUINav */ = {
			isa = PBXGroup;
			children = (
				9774FA5827FEE94A00E58EDA /* Coordinators */,
				9774FA5527FEE13600E58EDA /* Views */,
				9764864D27FED7C8009C6AA7 /* AppDelegate.swift */,
				9764864F27FED7C8009C6AA7 /* SceneDelegate.swift */,
				9764865627FED7CA009C6AA7 /* Assets.xcassets */,
				9764865827FED7CA009C6AA7 /* LaunchScreen.storyboard */,
				9764865B27FED7CA009C6AA7 /* Info.plist */,
			);
			path = SwiftUINav;
			sourceTree = "<group>";
		};
		9774FA5527FEE13600E58EDA /* Views */ = {
			isa = PBXGroup;
			children = (
				9764865127FED7C8009C6AA7 /* MainView.swift */,
			);
			path = Views;
			sourceTree = "<group>";
		};
		9774FA5827FEE94A00E58EDA /* Coordinators */ = {
			isa = PBXGroup;
			children = (
				9774FAD327FEF39300E58EDA /* MainCoordinator.swift */,
				9774FA4F27FEDF2200E58EDA /* AppCoordinator.swift */,
			);
			path = Coordinators;
			sourceTree = "<group>";
		};
		9774FA9727FEF0E900E58EDA /* Frameworks */ = {
			isa = PBXGroup;
			children = (
				9774FB0327FF10D800E58EDA /* AccountPageModule.framework */,
				9774FAD527FEF3DD00E58EDA /* PaywallModule.framework */,
				9774FA9827FEF0E900E58EDA /* AuthenticationModule.framework */,
				9774FA9927FEF0E900E58EDA /* Core.framework */,
			);
			name = Frameworks;
			sourceTree = "<group>";
		};
/* End PBXGroup section */

/* Begin PBXNativeTarget section */
		9764864927FED7C8009C6AA7 /* SwiftUINav */ = {
			isa = PBXNativeTarget;
			buildConfigurationList = 9764865E27FED7CA009C6AA7 /* Build configuration list for PBXNativeTarget "SwiftUINav" */;
			buildPhases = (
				9764864627FED7C8009C6AA7 /* Sources */,
				9764864727FED7C8009C6AA7 /* Frameworks */,
				9764864827FED7C8009C6AA7 /* Resources */,
				9774FA9E27FEF0E900E58EDA /* Embed Frameworks */,
			);
			buildRules = (
			);
			dependencies = (
			);
			name = SwiftUINav;
			productName = SwiftUINav;
			productReference = 9764864A27FED7C8009C6AA7 /* SwiftUINav.app */;
			productType = "com.apple.product-type.application";
		};
/* End PBXNativeTarget section */

/* Begin PBXProject section */
		9764864227FED7C8009C6AA7 /* Project object */ = {
			isa = PBXProject;
			attributes = {
				BuildIndependentTargetsInParallel = 1;
				LastSwiftUpdateCheck = 1330;
				LastUpgradeCheck = 1330;
				TargetAttributes = {
					9764864927FED7C8009C6AA7 = {
						CreatedOnToolsVersion = 13.3;
					};
				};
			};
			buildConfigurationList = 9764864527FED7C8009C6AA7 /* Build configuration list for PBXProject "SwiftUINav" */;
			compatibilityVersion = "Xcode 13.0";
			developmentRegion = en;
			hasScannedForEncodings = 0;
			knownRegions = (
				en,
				Base,
			);
			mainGroup = 9764864127FED7C8009C6AA7;
			productRefGroup = 9764864B27FED7C8009C6AA7 /* Products */;
			projectDirPath = "";
			projectRoot = "";
			targets = (
				9764864927FED7C8009C6AA7 /* SwiftUINav */,
			);
		};
/* End PBXProject section */

/* Begin PBXResourcesBuildPhase section */
		9764864827FED7C8009C6AA7 /* Resources */ = {
			isa = PBXResourcesBuildPhase;
			buildActionMask = 2147483647;
			files = (
				9764865A27FED7CA009C6AA7 /* LaunchScreen.storyboard in Resources */,
				9764865727FED7CA009C6AA7 /* Assets.xcassets in Resources */,
			);
			runOnlyForDeploymentPostprocessing = 0;
		};
/* End PBXResourcesBuildPhase section */

/* Begin PBXSourcesBuildPhase section */
		9764864627FED7C8009C6AA7 /* Sources */ = {
			isa = PBXSourcesBuildPhase;
			buildActionMask = 2147483647;
			files = (
				9774FA5027FEDF2200E58EDA /* AppCoordinator.swift in Sources */,
				9764865227FED7C8009C6AA7 /* MainView.swift in Sources */,
				9764864E27FED7C8009C6AA7 /* AppDelegate.swift in Sources */,
				9774FAD427FEF39300E58EDA /* MainCoordinator.swift in Sources */,
				9764865027FED7C8009C6AA7 /* SceneDelegate.swift in Sources */,
			);
			runOnlyForDeploymentPostprocessing = 0;
		};
/* End PBXSourcesBuildPhase section */

/* Begin PBXVariantGroup section */
		9764865827FED7CA009C6AA7 /* LaunchScreen.storyboard */ = {
			isa = PBXVariantGroup;
			children = (
				9764865927FED7CA009C6AA7 /* Base */,
			);
			name = LaunchScreen.storyboard;
			sourceTree = "<group>";
		};
/* End PBXVariantGroup section */

/* Begin XCBuildConfiguration section */
		9764865C27FED7CA009C6AA7 /* Debug */ = {
			isa = XCBuildConfiguration;
			buildSettings = {
				ALWAYS_SEARCH_USER_PATHS = NO;
				CLANG_ANALYZER_NONNULL = YES;
				CLANG_ANALYZER_NUMBER_OBJECT_CONVERSION = YES_AGGRESSIVE;
				CLANG_CXX_LANGUAGE_STANDARD = "gnu++17";
				CLANG_ENABLE_MODULES = YES;
				CLANG_ENABLE_OBJC_ARC = YES;
				CLANG_ENABLE_OBJC_WEAK = YES;
				CLANG_WARN_BLOCK_CAPTURE_AUTORELEASING = YES;
				CLANG_WARN_BOOL_CONVERSION = YES;
				CLANG_WARN_COMMA = YES;
				CLANG_WARN_CONSTANT_CONVERSION = YES;
				CLANG_WARN_DEPRECATED_OBJC_IMPLEMENTATIONS = YES;
				CLANG_WARN_DIRECT_OBJC_ISA_USAGE = YES_ERROR;
				CLANG_WARN_DOCUMENTATION_COMMENTS = YES;
				CLANG_WARN_EMPTY_BODY = YES;
				CLANG_WARN_ENUM_CONVERSION = YES;
				CLANG_WARN_INFINITE_RECURSION = YES;
				CLANG_WARN_INT_CONVERSION = YES;
				CLANG_WARN_NON_LITERAL_NULL_CONVERSION = YES;
				CLANG_WARN_OBJC_IMPLICIT_RETAIN_SELF = YES;
				CLANG_WARN_OBJC_LITERAL_CONVERSION = YES;
				CLANG_WARN_OBJC_ROOT_CLASS = YES_ERROR;
				CLANG_WARN_QUOTED_INCLUDE_IN_FRAMEWORK_HEADER = YES;
				CLANG_WARN_RANGE_LOOP_ANALYSIS = YES;
				CLANG_WARN_STRICT_PROTOTYPES = YES;
				CLANG_WARN_SUSPICIOUS_MOVE = YES;
				CLANG_WARN_UNGUARDED_AVAILABILITY = YES_AGGRESSIVE;
				CLANG_WARN_UNREACHABLE_CODE = YES;
				CLANG_WARN__DUPLICATE_METHOD_MATCH = YES;
				COPY_PHASE_STRIP = NO;
				DEBUG_INFORMATION_FORMAT = dwarf;
				ENABLE_STRICT_OBJC_MSGSEND = YES;
				ENABLE_TESTABILITY = YES;
				GCC_C_LANGUAGE_STANDARD = gnu11;
				GCC_DYNAMIC_NO_PIC = NO;
				GCC_NO_COMMON_BLOCKS = YES;
				GCC_OPTIMIZATION_LEVEL = 0;
				GCC_PREPROCESSOR_DEFINITIONS = (
					"DEBUG=1",
					"$(inherited)",
				);
				GCC_WARN_64_TO_32_BIT_CONVERSION = YES;
				GCC_WARN_ABOUT_RETURN_TYPE = YES_ERROR;
				GCC_WARN_UNDECLARED_SELECTOR = YES;
				GCC_WARN_UNINITIALIZED_AUTOS = YES_AGGRESSIVE;
				GCC_WARN_UNUSED_FUNCTION = YES;
				GCC_WARN_UNUSED_VARIABLE = YES;
				IPHONEOS_DEPLOYMENT_TARGET = 15.4;
				MTL_ENABLE_DEBUG_INFO = INCLUDE_SOURCE;
				MTL_FAST_MATH = YES;
				ONLY_ACTIVE_ARCH = YES;
				SDKROOT = iphoneos;
				SWIFT_ACTIVE_COMPILATION_CONDITIONS = DEBUG;
				SWIFT_OPTIMIZATION_LEVEL = "-Onone";
			};
			name = Debug;
		};
		9764865D27FED7CA009C6AA7 /* Release */ = {
			isa = XCBuildConfiguration;
			buildSettings = {
				ALWAYS_SEARCH_USER_PATHS = NO;
				CLANG_ANALYZER_NONNULL = YES;
				CLANG_ANALYZER_NUMBER_OBJECT_CONVERSION = YES_AGGRESSIVE;
				CLANG_CXX_LANGUAGE_STANDARD = "gnu++17";
				CLANG_ENABLE_MODULES = YES;
				CLANG_ENABLE_OBJC_ARC = YES;
				CLANG_ENABLE_OBJC_WEAK = YES;
				CLANG_WARN_BLOCK_CAPTURE_AUTORELEASING = YES;
				CLANG_WARN_BOOL_CONVERSION = YES;
				CLANG_WARN_COMMA = YES;
				CLANG_WARN_CONSTANT_CONVERSION = YES;
				CLANG_WARN_DEPRECATED_OBJC_IMPLEMENTATIONS = YES;
				CLANG_WARN_DIRECT_OBJC_ISA_USAGE = YES_ERROR;
				CLANG_WARN_DOCUMENTATION_COMMENTS = YES;
				CLANG_WARN_EMPTY_BODY = YES;
				CLANG_WARN_ENUM_CONVERSION = YES;
				CLANG_WARN_INFINITE_RECURSION = YES;
				CLANG_WARN_INT_CONVERSION = YES;
				CLANG_WARN_NON_LITERAL_NULL_CONVERSION = YES;
				CLANG_WARN_OBJC_IMPLICIT_RETAIN_SELF = YES;
				CLANG_WARN_OBJC_LITERAL_CONVERSION = YES;
				CLANG_WARN_OBJC_ROOT_CLASS = YES_ERROR;
				CLANG_WARN_QUOTED_INCLUDE_IN_FRAMEWORK_HEADER = YES;
				CLANG_WARN_RANGE_LOOP_ANALYSIS = YES;
				CLANG_WARN_STRICT_PROTOTYPES = YES;
				CLANG_WARN_SUSPICIOUS_MOVE = YES;
				CLANG_WARN_UNGUARDED_AVAILABILITY = YES_AGGRESSIVE;
				CLANG_WARN_UNREACHABLE_CODE = YES;
				CLANG_WARN__DUPLICATE_METHOD_MATCH = YES;
				COPY_PHASE_STRIP = NO;
				DEBUG_INFORMATION_FORMAT = "dwarf-with-dsym";
				ENABLE_NS_ASSERTIONS = NO;
				ENABLE_STRICT_OBJC_MSGSEND = YES;
				GCC_C_LANGUAGE_STANDARD = gnu11;
				GCC_NO_COMMON_BLOCKS = YES;
				GCC_WARN_64_TO_32_BIT_CONVERSION = YES;
				GCC_WARN_ABOUT_RETURN_TYPE = YES_ERROR;
				GCC_WARN_UNDECLARED_SELECTOR = YES;
				GCC_WARN_UNINITIALIZED_AUTOS = YES_AGGRESSIVE;
				GCC_WARN_UNUSED_FUNCTION = YES;
				GCC_WARN_UNUSED_VARIABLE = YES;
				IPHONEOS_DEPLOYMENT_TARGET = 15.4;
				MTL_ENABLE_DEBUG_INFO = NO;
				MTL_FAST_MATH = YES;
				SDKROOT = iphoneos;
				SWIFT_COMPILATION_MODE = wholemodule;
				SWIFT_OPTIMIZATION_LEVEL = "-O";
				VALIDATE_PRODUCT = YES;
			};
			name = Release;
		};
		9764865F27FED7CA009C6AA7 /* Debug */ = {
			isa = XCBuildConfiguration;
			buildSettings = {
				ASSETCATALOG_COMPILER_APPICON_NAME = AppIcon;
				ASSETCATALOG_COMPILER_GLOBAL_ACCENT_COLOR_NAME = AccentColor;
				CODE_SIGN_STYLE = Automatic;
				CURRENT_PROJECT_VERSION = 1;
				DEVELOPMENT_TEAM = 4JMM8JMG3H;
				GENERATE_INFOPLIST_FILE = YES;
				INFOPLIST_FILE = SwiftUINav/Info.plist;
				INFOPLIST_KEY_UIApplicationSupportsIndirectInputEvents = YES;
				INFOPLIST_KEY_UILaunchStoryboardName = LaunchScreen;
				INFOPLIST_KEY_UISupportedInterfaceOrientations_iPad = "UIInterfaceOrientationPortrait UIInterfaceOrientationPortraitUpsideDown UIInterfaceOrientationLandscapeLeft UIInterfaceOrientationLandscapeRight";
				INFOPLIST_KEY_UISupportedInterfaceOrientations_iPhone = "UIInterfaceOrientationPortrait UIInterfaceOrientationLandscapeLeft UIInterfaceOrientationLandscapeRight";
				LD_RUNPATH_SEARCH_PATHS = (
					"$(inherited)",
					"@executable_path/Frameworks",
				);
				MARKETING_VERSION = 1.0;
				PRODUCT_BUNDLE_IDENTIFIER = com.donnywals.SwiftUINav;
				PRODUCT_NAME = "$(TARGET_NAME)";
				SWIFT_EMIT_LOC_STRINGS = YES;
				SWIFT_VERSION = 5.0;
				TARGETED_DEVICE_FAMILY = "1,2";
			};
			name = Debug;
		};
		9764866027FED7CA009C6AA7 /* Release */ = {
			isa = XCBuildConfiguration;
			buildSettings = {
				ASSETCATALOG_COMPILER_APPICON_NAME = AppIcon;
				ASSETCATALOG_COMPILER_GLOBAL_ACCENT_COLOR_NAME = AccentColor;
				CODE_SIGN_STYLE = Automatic;
				CURRENT_PROJECT_VERSION = 1;
				DEVELOPMENT_TEAM = 4JMM8JMG3H;
				GENERATE_INFOPLIST_FILE = YES;
				INFOPLIST_FILE = SwiftUINav/Info.plist;
				INFOPLIST_KEY_UIApplicationSupportsIndirectInputEvents = YES;
				INFOPLIST_KEY_UILaunchStoryboardName = LaunchScreen;
				INFOPLIST_KEY_UISupportedInterfaceOrientations_iPad = "UIInterfaceOrientationPortrait UIInterfaceOrientationPortraitUpsideDown UIInterfaceOrientationLandscapeLeft UIInterfaceOrientationLandscapeRight";
				INFOPLIST_KEY_UISupportedInterfaceOrientations_iPhone = "UIInterfaceOrientationPortrait UIInterfaceOrientationLandscapeLeft UIInterfaceOrientationLandscapeRight";
				LD_RUNPATH_SEARCH_PATHS = (
					"$(inherited)",
					"@executable_path/Frameworks",
				);
				MARKETING_VERSION = 1.0;
				PRODUCT_BUNDLE_IDENTIFIER = com.donnywals.SwiftUINav;
				PRODUCT_NAME = "$(TARGET_NAME)";
				SWIFT_EMIT_LOC_STRINGS = YES;
				SWIFT_VERSION = 5.0;
				TARGETED_DEVICE_FAMILY = "1,2";
			};
			name = Release;
		};
/* End XCBuildConfiguration section */

/* Begin XCConfigurationList section */
		9764864527FED7C8009C6AA7 /* Build configuration list for PBXProject "SwiftUINav" */ = {
			isa = XCConfigurationList;
			buildConfigurations = (
				9764865C27FED7CA009C6AA7 /* Debug */,
				9764865D27FED7CA009C6AA7 /* Release */,
			);
			defaultConfigurationIsVisible = 0;
			defaultConfigurationName = Release;
		};
		9764865E27FED7CA009C6AA7 /* Build configuration list for PBXNativeTarget "SwiftUINav" */ = {
			isa = XCConfigurationList;
			buildConfigurations = (
				9764865F27FED7CA009C6AA7 /* Debug */,
				9764866027FED7CA009C6AA7 /* Release */,
			);
			defaultConfigurationIsVisible = 0;
			defaultConfigurationName = Release;
		};
/* End XCConfigurationList section */
	};
	rootObject = 9764864227FED7C8009C6AA7 /* Project object */;
}
